
Microsoft Visual Studio Solution File, Format Version 12.00
# Visual Studio Version 17
VisualStudioVersion = 17.1.32210.238
MinimumVisualStudioVersion = 10.0.40219.1
Project("{9A19103F-16F7-4668-BE54-9A1E7A4F7556}") = "Task1", "Task1\Task1.csproj", "{3398A287-3FA8-46F4-8BE4-4265D5600343}"
EndProject
Project("{9A19103F-16F7-4668-BE54-9A1E7A4F7556}") = "Task2", "Task2\Task2.csproj", "{392C93D7-3EEB-4F8A-AABE-574377850348}"
EndProject
Project("{9A19103F-16F7-4668-BE54-9A1E7A4F7556}") = "Task3", "Task3\Task3.csproj", "{49049C73-34AA-4A5E-AA44-E0B72AE8E977}"
EndProject
Project("{9A19103F-16F7-4668-BE54-9A1E7A4F7556}") = "Task1_test", "Task1_test\Task1_test.csproj", "{7C573A57-2041-4952-AE6E-1D65DDF9D1E7}"
EndProject
Project("{FAE04EC0-301F-11D3-BF4B-00C04F79EFBC}") = "Task3_test", "Task3_test\Task3_test.csproj", "{B58FEBF5-70BE-45E4-A470-CEBA94EA6355}"
EndProject
Global
	GlobalSection(SolutionConfigurationPlatforms) = preSolution
		Debug|Any CPU = Debug|Any CPU
		Release|Any CPU = Release|Any CPU
	EndGlobalSection
	GlobalSection(ProjectConfigurationPlatforms) = postSolution
		{3398A287-3FA8-46F4-8BE4-4265D5600343}.Debug|Any CPU.ActiveCfg = Debug|Any CPU
		{3398A287-3FA8-46F4-8BE4-4265D5600343}.Debug|Any CPU.Build.0 = Debug|Any CPU
		{3398A287-3FA8-46F4-8BE4-4265D5600343}.Release|Any CPU.ActiveCfg = Release|Any CPU
		{3398A287-3FA8-46F4-8BE4-4265D5600343}.Release|Any CPU.Build.0 = Release|Any CPU
		{392C93D7-3EEB-4F8A-AABE-574377850348}.Debug|Any CPU.ActiveCfg = Debug|Any CPU
		{392C93D7-3EEB-4F8A-AABE-574377850348}.Debug|Any CPU.Build.0 = Debug|Any CPU
		{392C93D7-3EEB-4F8A-AABE-574377850348}.Release|Any CPU.ActiveCfg = Release|Any CPU
		{392C93D7-3EEB-4F8A-AABE-574377850348}.Release|Any CPU.Build.0 = Release|Any CPU
		{49049C73-34AA-4A5E-AA44-E0B72AE8E977}.Debug|Any CPU.ActiveCfg = Debug|Any CPU
		{49049C73-34AA-4A5E-AA44-E0B72AE8E977}.Debug|Any CPU.Build.0 = Debug|Any CPU
		{49049C73-34AA-4A5E-AA44-E0B72AE8E977}.Release|Any CPU.ActiveCfg = Release|Any CPU
		{49049C73-34AA-4A5E-AA44-E0B72AE8E977}.Release|Any CPU.Build.0 = Release|Any CPU
		{7C573A57-2041-4952-AE6E-1D65DDF9D1E7}.Debug|Any CPU.ActiveCfg = Debug|Any CPU
		{7C573A57-2041-4952-AE6E-1D65DDF9D1E7}.Debug|Any CPU.Build.0 = Debug|Any CPU
		{7C573A57-2041-4952-AE6E-1D65DDF9D1E7}.Release|Any CPU.ActiveCfg = Release|Any CPU
		{7C573A57-2041-4952-AE6E-1D65DDF9D1E7}.Release|Any CPU.Build.0 = Release|Any CPU
		{B58FEBF5-70BE-45E4-A470-CEBA94EA6355}.Debug|Any CPU.ActiveCfg = Debug|Any CPU
		{B58FEBF5-70BE-45E4-A470-CEBA94EA6355}.Debug|Any CPU.Build.0 = Debug|Any CPU
		{B58FEBF5-70BE-45E4-A470-CEBA94EA6355}.Release|Any CPU.ActiveCfg = Release|Any CPU
		{B58FEBF5-70BE-45E4-A470-CEBA94EA6355}.Release|Any CPU.Build.0 = Release|Any CPU
	EndGlobalSection
	GlobalSection(SolutionProperties) = preSolution
		HideSolutionNode = FALSE
	EndGlobalSection
	GlobalSection(ExtensibilityGlobals) = postSolution
		SolutionGuid = {E8F42022-FB07-4D67-AB9E-72149D9F5DBD}
	EndGlobalSection
EndGlobal
