
Microsoft Visual Studio Solution File, Format Version 12.00
# Visual Studio Version 17
VisualStudioVersion = 17.1.32319.34
MinimumVisualStudioVersion = 10.0.40219.1
Project("{9A19103F-16F7-4668-BE54-9A1E7A4F7556}") = "Task1", "Task1\Task1.csproj", "{22E7FAB3-EFBB-4368-BCAC-404F0EE8B414}"
EndProject
Project("{FAE04EC0-301F-11D3-BF4B-00C04F79EFBC}") = "Task1_test", "Task1_test\Task1_test.csproj", "{E2FCB330-427F-4EE9-BB12-B1356FA89E6B}"
EndProject
Global
	GlobalSection(SolutionConfigurationPlatforms) = preSolution
		Debug|Any CPU = Debug|Any CPU
		Release|Any CPU = Release|Any CPU
	EndGlobalSection
	GlobalSection(ProjectConfigurationPlatforms) = postSolution
		{22E7FAB3-EFBB-4368-BCAC-404F0EE8B414}.Debug|Any CPU.ActiveCfg = Debug|Any CPU
		{22E7FAB3-EFBB-4368-BCAC-404F0EE8B414}.Debug|Any CPU.Build.0 = Debug|Any CPU
		{22E7FAB3-EFBB-4368-BCAC-404F0EE8B414}.Release|Any CPU.ActiveCfg = Release|Any CPU
		{22E7FAB3-EFBB-4368-BCAC-404F0EE8B414}.Release|Any CPU.Build.0 = Release|Any CPU
		{E2FCB330-427F-4EE9-BB12-B1356FA89E6B}.Debug|Any CPU.ActiveCfg = Debug|Any CPU
		{E2FCB330-427F-4EE9-BB12-B1356FA89E6B}.Debug|Any CPU.Build.0 = Debug|Any CPU
		{E2FCB330-427F-4EE9-BB12-B1356FA89E6B}.Release|Any CPU.ActiveCfg = Release|Any CPU
		{E2FCB330-427F-4EE9-BB12-B1356FA89E6B}.Release|Any CPU.Build.0 = Release|Any CPU
	EndGlobalSection
	GlobalSection(SolutionProperties) = preSolution
		HideSolutionNode = FALSE
	EndGlobalSection
	GlobalSection(ExtensibilityGlobals) = postSolution
		SolutionGuid = {1346D939-2A99-411A-B280-57EF579764F0}
	EndGlobalSection
EndGlobal
