
Microsoft Visual Studio Solution File, Format Version 12.00
# Visual Studio Version 17
VisualStudioVersion = 17.1.32210.238
MinimumVisualStudioVersion = 10.0.40219.1
Project("{9A19103F-16F7-4668-BE54-9A1E7A4F7556}") = "Task1", "Task1\Task1.csproj", "{D85D1540-5FFE-4760-9D36-2967DAC127E1}"
EndProject
Project("{9A19103F-16F7-4668-BE54-9A1E7A4F7556}") = "Task2", "Task2\Task2.csproj", "{B274AB70-D141-42A6-BD5F-83A1ECB34A96}"
EndProject
Project("{2150E333-8FDC-42A3-9474-1A3956D46DE8}") = "tests", "tests", "{9EC37B41-3205-4140-AF46-08F7B66658E3}"
EndProject
Project("{FAE04EC0-301F-11D3-BF4B-00C04F79EFBC}") = "Task1_test", "Task1_test\Task1_test.csproj", "{CA717FE4-7B3C-48C9-9522-F5B856131869}"
EndProject
Project("{FAE04EC0-301F-11D3-BF4B-00C04F79EFBC}") = "Task2_test", "Task2_test\Task2_test.csproj", "{DC9D7BA6-C046-4C84-855F-CC23221E4E54}"
EndProject
Global
	GlobalSection(SolutionConfigurationPlatforms) = preSolution
		Debug|Any CPU = Debug|Any CPU
		Release|Any CPU = Release|Any CPU
	EndGlobalSection
	GlobalSection(ProjectConfigurationPlatforms) = postSolution
		{D85D1540-5FFE-4760-9D36-2967DAC127E1}.Debug|Any CPU.ActiveCfg = Debug|Any CPU
		{D85D1540-5FFE-4760-9D36-2967DAC127E1}.Debug|Any CPU.Build.0 = Debug|Any CPU
		{D85D1540-5FFE-4760-9D36-2967DAC127E1}.Release|Any CPU.ActiveCfg = Release|Any CPU
		{D85D1540-5FFE-4760-9D36-2967DAC127E1}.Release|Any CPU.Build.0 = Release|Any CPU
		{B274AB70-D141-42A6-BD5F-83A1ECB34A96}.Debug|Any CPU.ActiveCfg = Debug|Any CPU
		{B274AB70-D141-42A6-BD5F-83A1ECB34A96}.Debug|Any CPU.Build.0 = Debug|Any CPU
		{B274AB70-D141-42A6-BD5F-83A1ECB34A96}.Release|Any CPU.ActiveCfg = Release|Any CPU
		{B274AB70-D141-42A6-BD5F-83A1ECB34A96}.Release|Any CPU.Build.0 = Release|Any CPU
		{CA717FE4-7B3C-48C9-9522-F5B856131869}.Debug|Any CPU.ActiveCfg = Debug|Any CPU
		{CA717FE4-7B3C-48C9-9522-F5B856131869}.Debug|Any CPU.Build.0 = Debug|Any CPU
		{CA717FE4-7B3C-48C9-9522-F5B856131869}.Release|Any CPU.ActiveCfg = Release|Any CPU
		{CA717FE4-7B3C-48C9-9522-F5B856131869}.Release|Any CPU.Build.0 = Release|Any CPU
		{DC9D7BA6-C046-4C84-855F-CC23221E4E54}.Debug|Any CPU.ActiveCfg = Debug|Any CPU
		{DC9D7BA6-C046-4C84-855F-CC23221E4E54}.Debug|Any CPU.Build.0 = Debug|Any CPU
		{DC9D7BA6-C046-4C84-855F-CC23221E4E54}.Release|Any CPU.ActiveCfg = Release|Any CPU
		{DC9D7BA6-C046-4C84-855F-CC23221E4E54}.Release|Any CPU.Build.0 = Release|Any CPU
	EndGlobalSection
	GlobalSection(SolutionProperties) = preSolution
		HideSolutionNode = FALSE
	EndGlobalSection
	GlobalSection(NestedProjects) = preSolution
		{CA717FE4-7B3C-48C9-9522-F5B856131869} = {9EC37B41-3205-4140-AF46-08F7B66658E3}
		{DC9D7BA6-C046-4C84-855F-CC23221E4E54} = {9EC37B41-3205-4140-AF46-08F7B66658E3}
	EndGlobalSection
	GlobalSection(ExtensibilityGlobals) = postSolution
		SolutionGuid = {35EC9318-CAAD-4377-9EDB-F2C7C0DDC6F8}
	EndGlobalSection
EndGlobal
