
Microsoft Visual Studio Solution File, Format Version 12.00
# Visual Studio Version 17
VisualStudioVersion = 17.1.32319.34
MinimumVisualStudioVersion = 10.0.40219.1
Project("{FAE04EC0-301F-11D3-BF4B-00C04F79EFBC}") = "Task1", "Task1\Task1.csproj", "{3F4BB8E8-F673-47A0-87E7-855C0A3445FA}"
EndProject
Project("{FAE04EC0-301F-11D3-BF4B-00C04F79EFBC}") = "Task1_test", "Task1_test\Task1_test.csproj", "{E7DDC905-B11F-4F64-B11E-E151BA3AF693}"
EndProject
Global
	GlobalSection(SolutionConfigurationPlatforms) = preSolution
		Debug|Any CPU = Debug|Any CPU
		Release|Any CPU = Release|Any CPU
	EndGlobalSection
	GlobalSection(ProjectConfigurationPlatforms) = postSolution
		{3F4BB8E8-F673-47A0-87E7-855C0A3445FA}.Debug|Any CPU.ActiveCfg = Debug|Any CPU
		{3F4BB8E8-F673-47A0-87E7-855C0A3445FA}.Debug|Any CPU.Build.0 = Debug|Any CPU
		{3F4BB8E8-F673-47A0-87E7-855C0A3445FA}.Release|Any CPU.ActiveCfg = Release|Any CPU
		{3F4BB8E8-F673-47A0-87E7-855C0A3445FA}.Release|Any CPU.Build.0 = Release|Any CPU
		{E7DDC905-B11F-4F64-B11E-E151BA3AF693}.Debug|Any CPU.ActiveCfg = Debug|Any CPU
		{E7DDC905-B11F-4F64-B11E-E151BA3AF693}.Debug|Any CPU.Build.0 = Debug|Any CPU
		{E7DDC905-B11F-4F64-B11E-E151BA3AF693}.Release|Any CPU.ActiveCfg = Release|Any CPU
		{E7DDC905-B11F-4F64-B11E-E151BA3AF693}.Release|Any CPU.Build.0 = Release|Any CPU
	EndGlobalSection
	GlobalSection(SolutionProperties) = preSolution
		HideSolutionNode = FALSE
	EndGlobalSection
	GlobalSection(ExtensibilityGlobals) = postSolution
		SolutionGuid = {F6973FFC-7AB3-49A8-A3F4-37626FAFD5C8}
	EndGlobalSection
EndGlobal
