
Microsoft Visual Studio Solution File, Format Version 12.00
# Visual Studio Version 17
VisualStudioVersion = 17.1.32210.238
MinimumVisualStudioVersion = 10.0.40219.1
Project("{FAE04EC0-301F-11D3-BF4B-00C04F79EFBC}") = "_1535502_Sachivko", "_1535502_Sachivko\_1535502_Sachivko.csproj", "{59365AD9-5853-4177-A46D-D3DCF0CF3F49}"
EndProject
Global
	GlobalSection(SolutionConfigurationPlatforms) = preSolution
		Debug|Any CPU = Debug|Any CPU
		Release|Any CPU = Release|Any CPU
	EndGlobalSection
	GlobalSection(ProjectConfigurationPlatforms) = postSolution
		{59365AD9-5853-4177-A46D-D3DCF0CF3F49}.Debug|Any CPU.ActiveCfg = Debug|Any CPU
		{59365AD9-5853-4177-A46D-D3DCF0CF3F49}.Debug|Any CPU.Build.0 = Debug|Any CPU
		{59365AD9-5853-4177-A46D-D3DCF0CF3F49}.Release|Any CPU.ActiveCfg = Release|Any CPU
		{59365AD9-5853-4177-A46D-D3DCF0CF3F49}.Release|Any CPU.Build.0 = Release|Any CPU
	EndGlobalSection
	GlobalSection(SolutionProperties) = preSolution
		HideSolutionNode = FALSE
	EndGlobalSection
	GlobalSection(ExtensibilityGlobals) = postSolution
		SolutionGuid = {6DF2435F-0D13-43A7-AFB7-35030421A58A}
	EndGlobalSection
EndGlobal
