
Microsoft Visual Studio Solution File, Format Version 12.00
# Visual Studio Version 17
VisualStudioVersion = 17.1.32319.34
MinimumVisualStudioVersion = 10.0.40219.1
Project("{FAE04EC0-301F-11D3-BF4B-00C04F79EFBC}") = "Task1", "Task1\Task1.csproj", "{32C0CC5F-D4D2-4C7D-96CC-A03A6A587962}"
EndProject
Project("{FAE04EC0-301F-11D3-BF4B-00C04F79EFBC}") = "Task1_test", "Task1_test\Task1_test.csproj", "{7DC26618-932E-48F2-8E9A-D8A1D1D3053E}"
EndProject
Global
	GlobalSection(SolutionConfigurationPlatforms) = preSolution
		Debug|Any CPU = Debug|Any CPU
		Release|Any CPU = Release|Any CPU
	EndGlobalSection
	GlobalSection(ProjectConfigurationPlatforms) = postSolution
		{32C0CC5F-D4D2-4C7D-96CC-A03A6A587962}.Debug|Any CPU.ActiveCfg = Debug|Any CPU
		{32C0CC5F-D4D2-4C7D-96CC-A03A6A587962}.Debug|Any CPU.Build.0 = Debug|Any CPU
		{32C0CC5F-D4D2-4C7D-96CC-A03A6A587962}.Release|Any CPU.ActiveCfg = Release|Any CPU
		{32C0CC5F-D4D2-4C7D-96CC-A03A6A587962}.Release|Any CPU.Build.0 = Release|Any CPU
		{7DC26618-932E-48F2-8E9A-D8A1D1D3053E}.Debug|Any CPU.ActiveCfg = Debug|Any CPU
		{7DC26618-932E-48F2-8E9A-D8A1D1D3053E}.Debug|Any CPU.Build.0 = Debug|Any CPU
		{7DC26618-932E-48F2-8E9A-D8A1D1D3053E}.Release|Any CPU.ActiveCfg = Release|Any CPU
		{7DC26618-932E-48F2-8E9A-D8A1D1D3053E}.Release|Any CPU.Build.0 = Release|Any CPU
	EndGlobalSection
	GlobalSection(SolutionProperties) = preSolution
		HideSolutionNode = FALSE
	EndGlobalSection
	GlobalSection(ExtensibilityGlobals) = postSolution
		SolutionGuid = {662B0C39-A732-44D6-9F89-210F4615AD48}
	EndGlobalSection
EndGlobal
